// !$*UTF8*$!
{
	archiveVersion = 1;
	classes = {
	};
	objectVersion = 50;
	objects = {

/* Begin PBXBuildFile section */
		B29EA10723CDC26F006F4546 /* AppDelegate.swift in Sources */ = {isa = PBXBuildFile; fileRef = B29EA10623CDC26F006F4546 /* AppDelegate.swift */; };
		B29EA10923CDC270006F4546 /* SceneDelegate.swift in Sources */ = {isa = PBXBuildFile; fileRef = B29EA10823CDC270006F4546 /* SceneDelegate.swift */; };
		B29EA10C23CDC270006F4546 /* NCU_bus.xcdatamodeld in Sources */ = {isa = PBXBuildFile; fileRef = B29EA10A23CDC270006F4546 /* NCU_bus.xcdatamodeld */; };
		B29EA10E23CDC270006F4546 /* ContentView.swift in Sources */ = {isa = PBXBuildFile; fileRef = B29EA10D23CDC270006F4546 /* ContentView.swift */; };
		B29EA11023CDC27A006F4546 /* Assets.xcassets in Resources */ = {isa = PBXBuildFile; fileRef = B29EA10F23CDC27A006F4546 /* Assets.xcassets */; };
		B29EA11323CDC27A006F4546 /* Preview Assets.xcassets in Resources */ = {isa = PBXBuildFile; fileRef = B29EA11223CDC27A006F4546 /* Preview Assets.xcassets */; };
		B29EA11623CDC27B006F4546 /* LaunchScreen.storyboard in Resources */ = {isa = PBXBuildFile; fileRef = B29EA11423CDC27B006F4546 /* LaunchScreen.storyboard */; };
/* End PBXBuildFile section */

/* Begin PBXFileReference section */
		B29EA10323CDC26F006F4546 /* NCU_bus.app */ = {isa = PBXFileReference; explicitFileType = wrapper.application; includeInIndex = 0; path = NCU_bus.app; sourceTree = BUILT_PRODUCTS_DIR; };
		B29EA10623CDC26F006F4546 /* AppDelegate.swift */ = {isa = PBXFileReference; lastKnownFileType = sourcecode.swift; path = AppDelegate.swift; sourceTree = "<group>"; };
		B29EA10823CDC270006F4546 /* SceneDelegate.swift */ = {isa = PBXFileReference; lastKnownFileType = sourcecode.swift; path = SceneDelegate.swift; sourceTree = "<group>"; };
		B29EA10B23CDC270006F4546 /* NCU_bus.xcdatamodel */ = {isa = PBXFileReference; lastKnownFileType = wrapper.xcdatamodel; path = NCU_bus.xcdatamodel; sourceTree = "<group>"; };
		B29EA10D23CDC270006F4546 /* ContentView.swift */ = {isa = PBXFileReference; lastKnownFileType = sourcecode.swift; path = ContentView.swift; sourceTree = "<group>"; };
		B29EA10F23CDC27A006F4546 /* Assets.xcassets */ = {isa = PBXFileReference; lastKnownFileType = folder.assetcatalog; path = Assets.xcassets; sourceTree = "<group>"; };
		B29EA11223CDC27A006F4546 /* Preview Assets.xcassets */ = {isa = PBXFileReference; lastKnownFileType = folder.assetcatalog; path = "Preview Assets.xcassets"; sourceTree = "<group>"; };
		B29EA11523CDC27B006F4546 /* Base */ = {isa = PBXFileReference; lastKnownFileType = file.storyboard; name = Base; path = Base.lproj/LaunchScreen.storyboard; sourceTree = "<group>"; };
		B29EA11723CDC27B006F4546 /* Info.plist */ = {isa = PBXFileReference; lastKnownFileType = text.plist.xml; path = Info.plist; sourceTree = "<group>"; };
/* End PBXFileReference section */

/* Begin PBXFrameworksBuildPhase section */
		B29EA10023CDC26F006F4546 /* Frameworks */ = {
			isa = PBXFrameworksBuildPhase;
			buildActionMask = 2147483647;
			files = (
			);
			runOnlyForDeploymentPostprocessing = 0;
		};
/* End PBXFrameworksBuildPhase section */

/* Begin PBXGroup section */
		B29EA0FA23CDC26F006F4546 = {
			isa = PBXGroup;
			children = (
				B29EA10523CDC26F006F4546 /* NCU_bus */,
				B29EA10423CDC26F006F4546 /* Products */,
			);
			sourceTree = "<group>";
		};
		B29EA10423CDC26F006F4546 /* Products */ = {
			isa = PBXGroup;
			children = (
				B29EA10323CDC26F006F4546 /* NCU_bus.app */,
			);
			name = Products;
			sourceTree = "<group>";
		};
		B29EA10523CDC26F006F4546 /* NCU_bus */ = {
			isa = PBXGroup;
			children = (
				B29EA10623CDC26F006F4546 /* AppDelegate.swift */,
				B29EA10823CDC270006F4546 /* SceneDelegate.swift */,
				B29EA10D23CDC270006F4546 /* ContentView.swift */,
				B29EA10F23CDC27A006F4546 /* Assets.xcassets */,
				B29EA11423CDC27B006F4546 /* LaunchScreen.storyboard */,
				B29EA11723CDC27B006F4546 /* Info.plist */,
				B29EA10A23CDC270006F4546 /* NCU_bus.xcdatamodeld */,
				B29EA11123CDC27A006F4546 /* Preview Content */,
			);
			path = NCU_bus;
			sourceTree = "<group>";
		};
		B29EA11123CDC27A006F4546 /* Preview Content */ = {
			isa = PBXGroup;
			children = (
				B29EA11223CDC27A006F4546 /* Preview Assets.xcassets */,
			);
			path = "Preview Content";
			sourceTree = "<group>";
		};
/* End PBXGroup section */

/* Begin PBXNativeTarget section */
		B29EA10223CDC26F006F4546 /* NCU_bus */ = {
			isa = PBXNativeTarget;
			buildConfigurationList = B29EA11A23CDC27B006F4546 /* Build configuration list for PBXNativeTarget "NCU_bus" */;
			buildPhases = (
				B29EA0FF23CDC26F006F4546 /* Sources */,
				B29EA10023CDC26F006F4546 /* Frameworks */,
				B29EA10123CDC26F006F4546 /* Resources */,
			);
			buildRules = (
			);
			dependencies = (
			);
			name = NCU_bus;
			productName = NCU_bus;
			productReference = B29EA10323CDC26F006F4546 /* NCU_bus.app */;
			productType = "com.apple.product-type.application";
		};
/* End PBXNativeTarget section */

/* Begin PBXProject section */
		B29EA0FB23CDC26F006F4546 /* Project object */ = {
			isa = PBXProject;
			attributes = {
				LastSwiftUpdateCheck = 1130;
				LastUpgradeCheck = 1130;
				ORGANIZATIONNAME = royyaha;
				TargetAttributes = {
					B29EA10223CDC26F006F4546 = {
						CreatedOnToolsVersion = 11.3;
					};
				};
			};
			buildConfigurationList = B29EA0FE23CDC26F006F4546 /* Build configuration list for PBXProject "NCU_bus" */;
			compatibilityVersion = "Xcode 9.3";
			developmentRegion = en;
			hasScannedForEncodings = 0;
			knownRegions = (
				en,
				Base,
			);
			mainGroup = B29EA0FA23CDC26F006F4546;
			productRefGroup = B29EA10423CDC26F006F4546 /* Products */;
			projectDirPath = "";
			projectRoot = "";
			targets = (
				B29EA10223CDC26F006F4546 /* NCU_bus */,
			);
		};
/* End PBXProject section */

/* Begin PBXResourcesBuildPhase section */
		B29EA10123CDC26F006F4546 /* Resources */ = {
			isa = PBXResourcesBuildPhase;
			buildActionMask = 2147483647;
			files = (
				B29EA11623CDC27B006F4546 /* LaunchScreen.storyboard in Resources */,
				B29EA11323CDC27A006F4546 /* Preview Assets.xcassets in Resources */,
				B29EA11023CDC27A006F4546 /* Assets.xcassets in Resources */,
			);
			runOnlyForDeploymentPostprocessing = 0;
		};
/* End PBXResourcesBuildPhase section */

/* Begin PBXSourcesBuildPhase section */
		B29EA0FF23CDC26F006F4546 /* Sources */ = {
			isa = PBXSourcesBuildPhase;
			buildActionMask = 2147483647;
			files = (
				B29EA10C23CDC270006F4546 /* NCU_bus.xcdatamodeld in Sources */,
				B29EA10723CDC26F006F4546 /* AppDelegate.swift in Sources */,
				B29EA10E23CDC270006F4546 /* ContentView.swift in Sources */,
				B29EA10923CDC270006F4546 /* SceneDelegate.swift in Sources */,
			);
			runOnlyForDeploymentPostprocessing = 0;
		};
/* End PBXSourcesBuildPhase section */

/* Begin PBXVariantGroup section */
		B29EA11423CDC27B006F4546 /* LaunchScreen.storyboard */ = {
			isa = PBXVariantGroup;
			children = (
				B29EA11523CDC27B006F4546 /* Base */,
			);
			name = LaunchScreen.storyboard;
			sourceTree = "<group>";
		};
/* End PBXVariantGroup section */

/* Begin XCBuildConfiguration section */
		B29EA11823CDC27B006F4546 /* Debug */ = {
			isa = XCBuildConfiguration;
			buildSettings = {
				ALWAYS_SEARCH_USER_PATHS = NO;
				CLANG_ANALYZER_NONNULL = YES;
				CLANG_ANALYZER_NUMBER_OBJECT_CONVERSION = YES_AGGRESSIVE;
				CLANG_CXX_LANGUAGE_STANDARD = "gnu++14";
				CLANG_CXX_LIBRARY = "libc++";
				CLANG_ENABLE_MODULES = YES;
				CLANG_ENABLE_OBJC_ARC = YES;
				CLANG_ENABLE_OBJC_WEAK = YES;
				CLANG_WARN_BLOCK_CAPTURE_AUTORELEASING = YES;
				CLANG_WARN_BOOL_CONVERSION = YES;
				CLANG_WARN_COMMA = YES;
				CLANG_WARN_CONSTANT_CONVERSION = YES;
				CLANG_WARN_DEPRECATED_OBJC_IMPLEMENTATIONS = YES;
				CLANG_WARN_DIRECT_OBJC_ISA_USAGE = YES_ERROR;
				CLANG_WARN_DOCUMENTATION_COMMENTS = YES;
				CLANG_WARN_EMPTY_BODY = YES;
				CLANG_WARN_ENUM_CONVERSION = YES;
				CLANG_WARN_INFINITE_RECURSION = YES;
				CLANG_WARN_INT_CONVERSION = YES;
				CLANG_WARN_NON_LITERAL_NULL_CONVERSION = YES;
				CLANG_WARN_OBJC_IMPLICIT_RETAIN_SELF = YES;
				CLANG_WARN_OBJC_LITERAL_CONVERSION = YES;
				CLANG_WARN_OBJC_ROOT_CLASS = YES_ERROR;
				CLANG_WARN_RANGE_LOOP_ANALYSIS = YES;
				CLANG_WARN_STRICT_PROTOTYPES = YES;
				CLANG_WARN_SUSPICIOUS_MOVE = YES;
				CLANG_WARN_UNGUARDED_AVAILABILITY = YES_AGGRESSIVE;
				CLANG_WARN_UNREACHABLE_CODE = YES;
				CLANG_WARN__DUPLICATE_METHOD_MATCH = YES;
				COPY_PHASE_STRIP = NO;
				DEBUG_INFORMATION_FORMAT = dwarf;
				ENABLE_STRICT_OBJC_MSGSEND = YES;
				ENABLE_TESTABILITY = YES;
				GCC_C_LANGUAGE_STANDARD = gnu11;
				GCC_DYNAMIC_NO_PIC = NO;
				GCC_NO_COMMON_BLOCKS = YES;
				GCC_OPTIMIZATION_LEVEL = 0;
				GCC_PREPROCESSOR_DEFINITIONS = (
					"DEBUG=1",
					"$(inherited)",
				);
				GCC_WARN_64_TO_32_BIT_CONVERSION = YES;
				GCC_WARN_ABOUT_RETURN_TYPE = YES_ERROR;
				GCC_WARN_UNDECLARED_SELECTOR = YES;
				GCC_WARN_UNINITIALIZED_AUTOS = YES_AGGRESSIVE;
				GCC_WARN_UNUSED_FUNCTION = YES;
				GCC_WARN_UNUSED_VARIABLE = YES;
				IPHONEOS_DEPLOYMENT_TARGET = 13.2;
				MTL_ENABLE_DEBUG_INFO = INCLUDE_SOURCE;
				MTL_FAST_MATH = YES;
				ONLY_ACTIVE_ARCH = YES;
				SDKROOT = iphoneos;
				SWIFT_ACTIVE_COMPILATION_CONDITIONS = DEBUG;
				SWIFT_OPTIMIZATION_LEVEL = "-Onone";
			};
			name = Debug;
		};
		B29EA11923CDC27B006F4546 /* Release */ = {
			isa = XCBuildConfiguration;
			buildSettings = {
				ALWAYS_SEARCH_USER_PATHS = NO;
				CLANG_ANALYZER_NONNULL = YES;
				CLANG_ANALYZER_NUMBER_OBJECT_CONVERSION = YES_AGGRESSIVE;
				CLANG_CXX_LANGUAGE_STANDARD = "gnu++14";
				CLANG_CXX_LIBRARY = "libc++";
				CLANG_ENABLE_MODULES = YES;
				CLANG_ENABLE_OBJC_ARC = YES;
				CLANG_ENABLE_OBJC_WEAK = YES;
				CLANG_WARN_BLOCK_CAPTURE_AUTORELEASING = YES;
				CLANG_WARN_BOOL_CONVERSION = YES;
				CLANG_WARN_COMMA = YES;
				CLANG_WARN_CONSTANT_CONVERSION = YES;
				CLANG_WARN_DEPRECATED_OBJC_IMPLEMENTATIONS = YES;
				CLANG_WARN_DIRECT_OBJC_ISA_USAGE = YES_ERROR;
				CLANG_WARN_DOCUMENTATION_COMMENTS = YES;
				CLANG_WARN_EMPTY_BODY = YES;
				CLANG_WARN_ENUM_CONVERSION = YES;
				CLANG_WARN_INFINITE_RECURSION = YES;
				CLANG_WARN_INT_CONVERSION = YES;
				CLANG_WARN_NON_LITERAL_NULL_CONVERSION = YES;
				CLANG_WARN_OBJC_IMPLICIT_RETAIN_SELF = YES;
				CLANG_WARN_OBJC_LITERAL_CONVERSION = YES;
				CLANG_WARN_OBJC_ROOT_CLASS = YES_ERROR;
				CLANG_WARN_RANGE_LOOP_ANALYSIS = YES;
				CLANG_WARN_STRICT_PROTOTYPES = YES;
				CLANG_WARN_SUSPICIOUS_MOVE = YES;
				CLANG_WARN_UNGUARDED_AVAILABILITY = YES_AGGRESSIVE;
				CLANG_WARN_UNREACHABLE_CODE = YES;
				CLANG_WARN__DUPLICATE_METHOD_MATCH = YES;
				COPY_PHASE_STRIP = NO;
				DEBUG_INFORMATION_FORMAT = "dwarf-with-dsym";
				ENABLE_NS_ASSERTIONS = NO;
				ENABLE_STRICT_OBJC_MSGSEND = YES;
				GCC_C_LANGUAGE_STANDARD = gnu11;
				GCC_NO_COMMON_BLOCKS = YES;
				GCC_WARN_64_TO_32_BIT_CONVERSION = YES;
				GCC_WARN_ABOUT_RETURN_TYPE = YES_ERROR;
				GCC_WARN_UNDECLARED_SELECTOR = YES;
				GCC_WARN_UNINITIALIZED_AUTOS = YES_AGGRESSIVE;
				GCC_WARN_UNUSED_FUNCTION = YES;
				GCC_WARN_UNUSED_VARIABLE = YES;
				IPHONEOS_DEPLOYMENT_TARGET = 13.2;
				MTL_ENABLE_DEBUG_INFO = NO;
				MTL_FAST_MATH = YES;
				SDKROOT = iphoneos;
				SWIFT_COMPILATION_MODE = wholemodule;
				SWIFT_OPTIMIZATION_LEVEL = "-O";
				VALIDATE_PRODUCT = YES;
			};
			name = Release;
		};
		B29EA11B23CDC27B006F4546 /* Debug */ = {
			isa = XCBuildConfiguration;
			buildSettings = {
				ASSETCATALOG_COMPILER_APPICON_NAME = AppIcon;
				CODE_SIGN_STYLE = Automatic;
				DEVELOPMENT_ASSET_PATHS = "\"NCU_bus/Preview Content\"";
				DEVELOPMENT_TEAM = 2T69U2686G;
				ENABLE_PREVIEWS = YES;
				INFOPLIST_FILE = NCU_bus/Info.plist;
				LD_RUNPATH_SEARCH_PATHS = (
					"$(inherited)",
					"@executable_path/Frameworks",
				);
				PRODUCT_BUNDLE_IDENTIFIER = "royyaha.NCU-bus";
				PRODUCT_NAME = "$(TARGET_NAME)";
				SWIFT_VERSION = 5.0;
				TARGETED_DEVICE_FAMILY = "1,2";
			};
			name = Debug;
		};
		B29EA11C23CDC27B006F4546 /* Release */ = {
			isa = XCBuildConfiguration;
			buildSettings = {
				ASSETCATALOG_COMPILER_APPICON_NAME = AppIcon;
				CODE_SIGN_STYLE = Automatic;
				DEVELOPMENT_ASSET_PATHS = "\"NCU_bus/Preview Content\"";
				DEVELOPMENT_TEAM = 2T69U2686G;
				ENABLE_PREVIEWS = YES;
				INFOPLIST_FILE = NCU_bus/Info.plist;
				LD_RUNPATH_SEARCH_PATHS = (
					"$(inherited)",
					"@executable_path/Frameworks",
				);
				PRODUCT_BUNDLE_IDENTIFIER = "royyaha.NCU-bus";
				PRODUCT_NAME = "$(TARGET_NAME)";
				SWIFT_VERSION = 5.0;
				TARGETED_DEVICE_FAMILY = "1,2";
			};
			name = Release;
		};
/* End XCBuildConfiguration section */

/* Begin XCConfigurationList section */
		B29EA0FE23CDC26F006F4546 /* Build configuration list for PBXProject "NCU_bus" */ = {
			isa = XCConfigurationList;
			buildConfigurations = (
				B29EA11823CDC27B006F4546 /* Debug */,
				B29EA11923CDC27B006F4546 /* Release */,
			);
			defaultConfigurationIsVisible = 0;
			defaultConfigurationName = Release;
		};
		B29EA11A23CDC27B006F4546 /* Build configuration list for PBXNativeTarget "NCU_bus" */ = {
			isa = XCConfigurationList;
			buildConfigurations = (
				B29EA11B23CDC27B006F4546 /* Debug */,
				B29EA11C23CDC27B006F4546 /* Release */,
			);
			defaultConfigurationIsVisible = 0;
			defaultConfigurationName = Release;
		};
/* End XCConfigurationList section */

/* Begin XCVersionGroup section */
		B29EA10A23CDC270006F4546 /* NCU_bus.xcdatamodeld */ = {
			isa = XCVersionGroup;
			children = (
				B29EA10B23CDC270006F4546 /* NCU_bus.xcdatamodel */,
			);
			currentVersion = B29EA10B23CDC270006F4546 /* NCU_bus.xcdatamodel */;
			path = NCU_bus.xcdatamodeld;
			sourceTree = "<group>";
			versionGroupType = wrapper.xcdatamodel;
		};
/* End XCVersionGroup section */
	};
	rootObject = B29EA0FB23CDC26F006F4546 /* Project object */;
}
